<?xml version="1.0" encoding="utf-8"?>
<Project ToolsVersion="4.0" xmlns="http://schemas.microsoft.com/developer/msbuild/2003">
  <ItemGroup>
    <Filter Include="Form Files">
      <UniqueIdentifier>{99349809-55BA-4b9d-BF79-8FDBB0286EB3}</UniqueIdentifier>
      <Extensions>ui</Extensions>
      <ParseFiles>false</ParseFiles>
    </Filter>
    <Filter Include="Form Files">
      <UniqueIdentifier>{99349809-55BA-4b9d-BF79-8FDBB0286EB3}</UniqueIdentifier>
      <Extensions>ui</Extensions>
      <ParseFiles>false</ParseFiles>
    </Filter>
    <Filter Include="Generated Files">
      <UniqueIdentifier>{71ED8ED8-ACB9-4CE9-BBE1-E00B30144E11}</UniqueIdentifier>
      <Extensions>cpp;c;cxx;moc;h;def;odl;idl;res;</Extensions>
    </Filter>
    <Filter Include="Generated Files">
      <UniqueIdentifier>{71ED8ED8-ACB9-4CE9-BBE1-E00B30144E11}</UniqueIdentifier>
      <Extensions>cpp;c;cxx;moc;h;def;odl;idl;res;</Extensions>
    </Filter>
    <Filter Include="Header Files">
      <UniqueIdentifier>{93995380-89BD-4b04-88EB-625FBE52EBFB}</UniqueIdentifier>
      <Extensions>h;hpp;hxx;hm;inl;inc;xsd</Extensions>
    </Filter>
    <Filter Include="Header Files">
      <UniqueIdentifier>{93995380-89BD-4b04-88EB-625FBE52EBFB}</UniqueIdentifier>
      <Extensions>h;hpp;hxx;hm;inl;inc;xsd</Extensions>
    </Filter>
    <Filter Include="Resource Files">
      <UniqueIdentifier>{D9D6E242-F8AF-46E4-B9FD-80ECBC20BA3E}</UniqueIdentifier>
      <Extensions>qrc;*</Extensions>
      <ParseFiles>false</ParseFiles>
    </Filter>
    <Filter Include="Resource Files">
      <UniqueIdentifier>{D9D6E242-F8AF-46E4-B9FD-80ECBC20BA3E}</UniqueIdentifier>
      <Extensions>qrc;*</Extensions>
      <ParseFiles>false</ParseFiles>
    </Filter>
    <Filter Include="Source Files">
      <UniqueIdentifier>{4FC737F1-C7A5-4376-A066-2A32D752A2FF}</UniqueIdentifier>
      <Extensions>cpp;c;cxx;def;odl;idl;hpj;bat;asm;asmx</Extensions>
    </Filter>
    <Filter Include="Source Files">
      <UniqueIdentifier>{4FC737F1-C7A5-4376-A066-2A32D752A2FF}</UniqueIdentifier>
      <Extensions>cpp;c;cxx;def;odl;idl;hpj;bat;asm;asmx</Extensions>
    </Filter>
    <Filter Include="Generated Files\Debug">
      <UniqueIdentifier>{db34aba7-7d92-4940-a00e-f888be7ac72d}</UniqueIdentifier>
      <Extensions>cpp;moc</Extensions>
      <SourceControlFiles>False</SourceControlFiles>
    </Filter>
    <Filter Include="Generated Files\Release">
      <UniqueIdentifier>{aed41b45-2441-46e1-bf72-20d8483684c6}</UniqueIdentifier>
      <Extensions>cpp;moc</Extensions>
      <SourceControlFiles>False</SourceControlFiles>
    </Filter>
  </ItemGroup>
  <ItemGroup>
    <ClCompile Include="CytonController.cpp">
      <Filter>Source Files</Filter>
    </ClCompile>
    <ClCompile Include="commandeditor.cpp">
      <Filter>Source Files</Filter>
    </ClCompile>
    <ClCompile Include="commandinterpreter.cpp">
      <Filter>Source Files</Filter>
    </ClCompile>
    <ClCompile Include="commandviewer.cpp">
      <Filter>Source Files</Filter>
    </ClCompile>
    <ClCompile Include="drawonwidget.cpp">
      <Filter>Source Files</Filter>
    </ClCompile>
    <ClCompile Include="guiloadsave.cpp">
      <Filter>Source Files</Filter>
    </ClCompile>
    <ClCompile Include="main.cpp">
      <Filter>Source Files</Filter>
    </ClCompile>
    <ClCompile Include="mainwindow.cpp">
      <Filter>Source Files</Filter>
    </ClCompile>
    <ClCompile Include="painter.cpp">
      <Filter>Source Files</Filter>
    </ClCompile>
    <ClCompile Include="Debug\.moc\moc_CytonController.cpp">
      <Filter>Generated Files\Debug</Filter>
    </ClCompile>
    <ClCompile Include="Release\.moc\moc_CytonController.cpp">
      <Filter>Generated Files\Release</Filter>
    </ClCompile>
    <ClCompile Include="Debug\.moc\moc_commandeditor.cpp">
      <Filter>Generated Files\Debug</Filter>
    </ClCompile>
    <ClCompile Include="Release\.moc\moc_commandeditor.cpp">
      <Filter>Generated Files\Release</Filter>
    </ClCompile>
    <ClCompile Include="Debug\.moc\moc_commandinterpreter.cpp">
      <Filter>Generated Files\Debug</Filter>
    </ClCompile>
    <ClCompile Include="Release\.moc\moc_commandinterpreter.cpp">
      <Filter>Generated Files\Release</Filter>
    </ClCompile>
    <ClCompile Include="Debug\.moc\moc_commandviewer.cpp">
      <Filter>Generated Files\Debug</Filter>
    </ClCompile>
    <ClCompile Include="Release\.moc\moc_commandviewer.cpp">
      <Filter>Generated Files\Release</Filter>
    </ClCompile>
    <ClCompile Include="Debug\.moc\moc_drawonwidget.cpp">
      <Filter>Generated Files\Debug</Filter>
    </ClCompile>
    <ClCompile Include="Release\.moc\moc_drawonwidget.cpp">
      <Filter>Generated Files\Release</Filter>
    </ClCompile>
    <ClCompile Include="Debug\.moc\moc_mainwindow.cpp">
      <Filter>Generated Files\Debug</Filter>
    </ClCompile>
    <ClCompile Include="Release\.moc\moc_mainwindow.cpp">
      <Filter>Generated Files\Release</Filter>
    </ClCompile>
    <ClCompile Include="Debug\.moc\moc_painter.cpp">
      <Filter>Generated Files\Debug</Filter>
    </ClCompile>
    <ClCompile Include="Release\.moc\moc_painter.cpp">
      <Filter>Generated Files\Release</Filter>
    </ClCompile>
    <ClCompile Include="GeneratedFiles\qrc_myres.cpp">
      <Filter>Generated Files</Filter>
    </ClCompile>
    <ClCompile Include="WebcamHandler.cpp">
      <Filter>Source Files</Filter>
    </ClCompile>
  </ItemGroup>
  <ItemGroup>
    <CustomBuild Include="CytonController.h">
      <Filter>Header Files</Filter>
    </CustomBuild>
    <CustomBuild Include="commandeditor.h">
      <Filter>Header Files</Filter>
    </CustomBuild>
    <CustomBuild Include="commandinterpreter.h">
      <Filter>Header Files</Filter>
    </CustomBuild>
    <CustomBuild Include="commandviewer.h">
      <Filter>Header Files</Filter>
    </CustomBuild>
    <CustomBuild Include="drawonwidget.h">
      <Filter>Header Files</Filter>
    </CustomBuild>
    <ClInclude Include="guiloadsave.h">
      <Filter>Header Files</Filter>
    </ClInclude>
    <CustomBuild Include="mainwindow.h">
      <Filter>Header Files</Filter>
    </CustomBuild>
    <CustomBuild Include="painter.h">
      <Filter>Header Files</Filter>
    </CustomBuild>
  </ItemGroup>
  <ItemGroup>
    <CustomBuild Include="commandeditor.ui">
      <Filter>Form Files</Filter>
    </CustomBuild>
    <CustomBuild Include="commandviewer.ui">
      <Filter>Form Files</Filter>
    </CustomBuild>
    <CustomBuild Include="mainwindow.ui">
      <Filter>Form Files</Filter>
    </CustomBuild>
    <CustomBuild Include="painter.ui">
      <Filter>Form Files</Filter>
    </CustomBuild>
  </ItemGroup>
  <ItemGroup>
    <None Include="Storage\Circle.png">
      <Filter>Resource Files</Filter>
    </None>
    <None Include="Icon">
      <Filter>Resource Files</Filter>
    </None>
    <None Include="Map.png">
      <Filter>Resource Files</Filter>
    </None>
    <None Include="Storage\Point">
      <Filter>Resource Files</Filter>
    </None>
    <None Include="Storage\Square.png">
      <Filter>Resource Files</Filter>
    </None>
    <None Include="Storage\function.png">
      <Filter>Resource Files</Filter>
    </None>
    <None Include="Storage\line.png">
      <Filter>Resource Files</Filter>
    </None>
    <CustomBuild Include="myres.qrc">
      <Filter>Resource Files</Filter>
    </CustomBuild>
    <None Include="Storage\new.png">
      <Filter>Resource Files</Filter>
    </None>
    <None Include="Storage\next.png">
      <Filter>Resource Files</Filter>
    </None>
    <None Include="Storage\open.png">
      <Filter>Resource Files</Filter>
    </None>
    <None Include="Storage\pause.png">
      <Filter>Resource Files</Filter>
    </None>
    <None Include="Storage\play.png">
      <Filter>Resource Files</Filter>
    </None>
    <None Include="Storage\previous.png">
      <Filter>Resource Files</Filter>
    </None>
    <None Include="Storage\save.png">
      <Filter>Resource Files</Filter>
    </None>
    <None Include="Storage\stop.png">
      <Filter>Resource Files</Filter>
    </None>
  </ItemGroup>
  <ItemGroup>
    <ClInclude Include="GeneratedFiles\ui_commandeditor.h">
      <Filter>Generated Files</Filter>
    </ClInclude>
    <ClInclude Include="GeneratedFiles\ui_commandviewer.h">
      <Filter>Generated Files</Filter>
    </ClInclude>
    <ClInclude Include="GeneratedFiles\ui_mainwindow.h">
      <Filter>Generated Files</Filter>
    </ClInclude>
    <ClInclude Include="GeneratedFiles\ui_painter.h">
      <Filter>Generated Files</Filter>
    </ClInclude>
    <ClInclude Include="WebcamHandler.h">
      <Filter>Header Files</Filter>
    </ClInclude>
  </ItemGroup>
  <ItemGroup>
    <Image Include="Icon Storage\Circle.png">
      <Filter>Resource Files</Filter>
    </Image>
    <Image Include="Icon Storage\function.png">
      <Filter>Resource Files</Filter>
    </Image>
    <Image Include="Icon Storage\line.png">
      <Filter>Resource Files</Filter>
    </Image>
    <Image Include="Icon Storage\new.png">
      <Filter>Resource Files</Filter>
    </Image>
    <Image Include="Icon Storage\next.png">
      <Filter>Resource Files</Filter>
    </Image>
    <Image Include="Icon Storage\pause.png">
      <Filter>Resource Files</Filter>
    </Image>
    <Image Include="Icon Storage\play.png">
      <Filter>Resource Files</Filter>
    </Image>
    <Image Include="Icon Storage\Point Map.png">
      <Filter>Resource Files</Filter>
    </Image>
    <Image Include="Icon Storage\previous.png">
      <Filter>Resource Files</Filter>
    </Image>
    <Image Include="Icon Storage\save.png">
      <Filter>Resource Files</Filter>
    </Image>
    <Image Include="Icon Storage\Square.png">
      <Filter>Resource Files</Filter>
    </Image>
    <Image Include="Icon Storage\stop.png">
      <Filter>Resource Files</Filter>
    </Image>
    <Image Include="Icon Storage\open.png">
      <Filter>Resource Files</Filter>
    </Image>
  </ItemGroup>
</Project>