<?xml version="1.0" encoding="utf-8"?>
<Project ToolsVersion="4.0" xmlns="http://schemas.microsoft.com/developer/msbuild/2003">
  <ItemGroup>
    <Filter Include="Form Files">
      <UniqueIdentifier>{99349809-55BA-4b9d-BF79-8FDBB0286EB3}</UniqueIdentifier>
      <Extensions>ui</Extensions>
      <ParseFiles>false</ParseFiles>
    </Filter>
    <Filter Include="Form Files">
      <UniqueIdentifier>{99349809-55BA-4b9d-BF79-8FDBB0286EB3}</UniqueIdentifier>
      <Extensions>ui</Extensions>
      <ParseFiles>false</ParseFiles>
    </Filter>
    <Filter Include="Generated Files">
      <UniqueIdentifier>{71ED8ED8-ACB9-4CE9-BBE1-E00B30144E11}</UniqueIdentifier>
      <Extensions>cpp;c;cxx;moc;h;def;odl;idl;res;</Extensions>
    </Filter>
    <Filter Include="Generated Files">
      <UniqueIdentifier>{71ED8ED8-ACB9-4CE9-BBE1-E00B30144E11}</UniqueIdentifier>
      <Extensions>cpp;c;cxx;moc;h;def;odl;idl;res;</Extensions>
    </Filter>
    <Filter Include="Header Files">
      <UniqueIdentifier>{93995380-89BD-4b04-88EB-625FBE52EBFB}</UniqueIdentifier>
      <Extensions>h;hpp;hxx;hm;inl;inc;xsd</Extensions>
    </Filter>
    <Filter Include="Header Files">
      <UniqueIdentifier>{93995380-89BD-4b04-88EB-625FBE52EBFB}</UniqueIdentifier>
      <Extensions>h;hpp;hxx;hm;inl;inc;xsd</Extensions>
    </Filter>
    <Filter Include="Resource Files">
      <UniqueIdentifier>{D9D6E242-F8AF-46E4-B9FD-80ECBC20BA3E}</UniqueIdentifier>
      <Extensions>qrc;*</Extensions>
      <ParseFiles>false</ParseFiles>
    </Filter>
    <Filter Include="Resource Files">
      <UniqueIdentifier>{D9D6E242-F8AF-46E4-B9FD-80ECBC20BA3E}</UniqueIdentifier>
      <Extensions>qrc;*</Extensions>
      <ParseFiles>false</ParseFiles>
    </Filter>
    <Filter Include="Source Files">
      <UniqueIdentifier>{4FC737F1-C7A5-4376-A066-2A32D752A2FF}</UniqueIdentifier>
      <Extensions>cpp;c;cxx;def;odl;idl;hpj;bat;asm;asmx</Extensions>
    </Filter>
    <Filter Include="Source Files">
      <UniqueIdentifier>{4FC737F1-C7A5-4376-A066-2A32D752A2FF}</UniqueIdentifier>
      <Extensions>cpp;c;cxx;def;odl;idl;hpj;bat;asm;asmx</Extensions>
    </Filter>
    <Filter Include="Generated Files\Debug">
      <UniqueIdentifier>{bc35fb3f-4e67-4556-b83e-70d95626a234}</UniqueIdentifier>
      <Extensions>cpp;moc</Extensions>
      <SourceControlFiles>False</SourceControlFiles>
    </Filter>
    <Filter Include="Generated Files\Release">
      <UniqueIdentifier>{c7e190e3-8d3c-4dbe-a2d6-aceab28f2094}</UniqueIdentifier>
      <Extensions>cpp;moc</Extensions>
      <SourceControlFiles>False</SourceControlFiles>
    </Filter>
  </ItemGroup>
  <ItemGroup>
    <ClCompile Include="..\src\Libraries\CVImageWidget.cpp">
      <Filter>Source Files</Filter>
    </ClCompile>
    <ClCompile Include="..\src\GUI_Classes\CommandWindow.cpp">
      <Filter>Source Files</Filter>
    </ClCompile>
    <ClCompile Include="..\src\GUI_Classes\CytonRunner.cpp">
      <Filter>Source Files</Filter>
    </ClCompile>
    <ClCompile Include="..\src\GUI_Classes\Painter.cpp">
      <Filter>Source Files</Filter>
    </ClCompile>
    <ClCompile Include="..\src\GUI_Classes\RunLogic.cpp">
      <Filter>Source Files</Filter>
    </ClCompile>
    <ClCompile Include="..\src\GUI_Classes\Sketchpad.cpp">
      <Filter>Source Files</Filter>
    </ClCompile>
    <ClCompile Include="..\src\Libraries\imageparser.cpp">
      <Filter>Source Files</Filter>
    </ClCompile>
    <ClCompile Include="..\src\Libraries\kmeansSegment.cpp">
      <Filter>Source Files</Filter>
    </ClCompile>
    <ClCompile Include="..\src\GUI_Classes\main.cpp">
      <Filter>Source Files</Filter>
    </ClCompile>
    <ClCompile Include="..\src\Libraries\pugixml.cpp">
      <Filter>Source Files</Filter>
    </ClCompile>
    <ClCompile Include="..\src\Libraries\regiontopaths.cpp">
      <Filter>Source Files</Filter>
    </ClCompile>
    <ClCompile Include="..\src\GUI_Classes\stdafx.cpp">
      <Filter>Source Files</Filter>
    </ClCompile>
    <ClCompile Include="..\src\Libraries\webcam.cpp">
      <Filter>Source Files</Filter>
    </ClCompile>
    <ClCompile Include="..\src\GUI_Classes\workspacewizard.cpp">
      <Filter>Source Files</Filter>
    </ClCompile>
    <ClCompile Include="Debug\moc_CVImageWidget.cpp">
      <Filter>Generated Files\Debug</Filter>
    </ClCompile>
    <ClCompile Include="Release\moc_CVImageWidget.cpp">
      <Filter>Generated Files\Release</Filter>
    </ClCompile>
    <ClCompile Include="Debug\moc_CommandWindow.cpp">
      <Filter>Generated Files\Debug</Filter>
    </ClCompile>
    <ClCompile Include="Release\moc_CommandWindow.cpp">
      <Filter>Generated Files\Release</Filter>
    </ClCompile>
    <ClCompile Include="Debug\moc_CytonRunner.cpp">
      <Filter>Generated Files\Debug</Filter>
    </ClCompile>
    <ClCompile Include="Release\moc_CytonRunner.cpp">
      <Filter>Generated Files\Release</Filter>
    </ClCompile>
    <ClCompile Include="Debug\moc_Painter.cpp">
      <Filter>Generated Files\Debug</Filter>
    </ClCompile>
    <ClCompile Include="Release\moc_Painter.cpp">
      <Filter>Generated Files\Release</Filter>
    </ClCompile>
    <ClCompile Include="Debug\moc_Sketchpad.cpp">
      <Filter>Generated Files\Debug</Filter>
    </ClCompile>
    <ClCompile Include="Release\moc_Sketchpad.cpp">
      <Filter>Generated Files\Release</Filter>
    </ClCompile>
    <ClCompile Include="Debug\moc_runLogic.cpp">
      <Filter>Generated Files\Debug</Filter>
    </ClCompile>
    <ClCompile Include="Release\moc_runLogic.cpp">
      <Filter>Generated Files\Release</Filter>
    </ClCompile>
    <ClCompile Include="Debug\moc_workspacewizard.cpp">
      <Filter>Generated Files\Debug</Filter>
    </ClCompile>
    <ClCompile Include="Release\moc_workspacewizard.cpp">
      <Filter>Generated Files\Release</Filter>
    </ClCompile>
    <ClCompile Include="GeneratedFiles\qrc_myres.cpp">
      <Filter>Generated Files</Filter>
    </ClCompile>
    <ClCompile Include="..\src\Libraries\shapes.cpp">
      <Filter>Source Files</Filter>
    </ClCompile>
    <ClCompile Include="..\src\Libraries\drawwindow.cpp">
      <Filter>Source Files</Filter>
    </ClCompile>
    <ClCompile Include="..\src\Libraries\pixeltools.cpp">
      <Filter>Source Files</Filter>
    </ClCompile>
    <ClCompile Include="..\src\GUI_Classes\StartWindow.cpp">
      <Filter>Source Files</Filter>
    </ClCompile>
    <ClCompile Include="..\src\Libraries\paint_util.cpp">
      <Filter>Source Files</Filter>
    </ClCompile>
  </ItemGroup>
  <ItemGroup>
    <CustomBuild Include="..\include\Libraries\CVImageWidget.h">
      <Filter>Header Files</Filter>
    </CustomBuild>
    <CustomBuild Include="..\include\GUI_Classes\CommandWindow.h">
      <Filter>Header Files</Filter>
    </CustomBuild>
    <CustomBuild Include="..\include\GUI_Classes\CytonRunner.h">
      <Filter>Header Files</Filter>
    </CustomBuild>
    <CustomBuild Include="..\include\GUI_Classes\Painter.h">
      <Filter>Header Files</Filter>
    </CustomBuild>
    <CustomBuild Include="..\include\GUI_Classes\Sketchpad.h">
      <Filter>Header Files</Filter>
    </CustomBuild>
    <CustomBuild Include="..\include\GUI_Classes\runLogic.h">
      <Filter>Header Files</Filter>
    </CustomBuild>
    <CustomBuild Include="..\include\GUI_Classes\workspacewizard.h">
      <Filter>Header Files</Filter>
    </CustomBuild>
    <CustomBuild Include="GeneratedFiles\ui_CommandWindow.h">
      <Filter>Generated Files</Filter>
    </CustomBuild>
    <CustomBuild Include="GeneratedFiles\ui_Sketchpad.h">
      <Filter>Generated Files</Filter>
    </CustomBuild>
    <CustomBuild Include="GeneratedFiles\ui_workspacewizard.h">
      <Filter>Generated Files</Filter>
    </CustomBuild>
    <CustomBuild Include="..\include\Libraries\kmeansSegment.hpp">
      <Filter>Header Files</Filter>
    </CustomBuild>
    <CustomBuild Include="..\include\Libraries\pugiconfig.hpp">
      <Filter>Header Files</Filter>
    </CustomBuild>
    <CustomBuild Include="..\include\Libraries\pugixml.hpp">
      <Filter>Header Files</Filter>
    </CustomBuild>
    <CustomBuild Include="..\include\GUI_Classes\stdafx.h">
      <Filter>Header Files</Filter>
    </CustomBuild>
    <CustomBuild Include="Icon Storage\camera.png">
      <Filter>Resource Files</Filter>
    </CustomBuild>
    <CustomBuild Include="Icon Storage\Circle.png">
      <Filter>Resource Files</Filter>
    </CustomBuild>
    <CustomBuild Include="Icon Storage\fill.png">
      <Filter>Resource Files</Filter>
    </CustomBuild>
    <CustomBuild Include="Icon Storage\FilledCircle.png">
      <Filter>Resource Files</Filter>
    </CustomBuild>
    <CustomBuild Include="Icon Storage\FilledSquare.png">
      <Filter>Resource Files</Filter>
    </CustomBuild>
    <CustomBuild Include="Icon Storage\FreeForm.png">
      <Filter>Resource Files</Filter>
    </CustomBuild>
    <CustomBuild Include="Icon Storage\function.png">
      <Filter>Resource Files</Filter>
    </CustomBuild>
    <CustomBuild Include="Icon Storage\line.png">
      <Filter>Resource Files</Filter>
    </CustomBuild>
    <CustomBuild Include="Icon Storage\new.png">
      <Filter>Resource Files</Filter>
    </CustomBuild>
    <CustomBuild Include="Icon Storage\next.png">
      <Filter>Resource Files</Filter>
    </CustomBuild>
    <CustomBuild Include="Icon Storage\open.png">
      <Filter>Resource Files</Filter>
    </CustomBuild>
    <CustomBuild Include="Icon Storage\pause.png">
      <Filter>Resource Files</Filter>
    </CustomBuild>
    <CustomBuild Include="Icon Storage\play.png">
      <Filter>Resource Files</Filter>
    </CustomBuild>
    <CustomBuild Include="Icon Storage\Point Map.png">
      <Filter>Resource Files</Filter>
    </CustomBuild>
    <CustomBuild Include="Icon Storage\previous.png">
      <Filter>Resource Files</Filter>
    </CustomBuild>
    <CustomBuild Include="Icon Storage\save.png">
      <Filter>Resource Files</Filter>
    </CustomBuild>
    <CustomBuild Include="Icon Storage\Square.png">
      <Filter>Resource Files</Filter>
    </CustomBuild>
    <CustomBuild Include="Icon Storage\stop.png">
      <Filter>Resource Files</Filter>
    </CustomBuild>
    <CustomBuild Include="Icon Storage\webcam.png">
      <Filter>Resource Files</Filter>
    </CustomBuild>
    <CustomBuild Include="Storage\Circle.png">
      <Filter>Resource Files</Filter>
    </CustomBuild>
    <CustomBuild Include="Storage\FilledCircle.png">
      <Filter>Resource Files</Filter>
    </CustomBuild>
    <CustomBuild Include="Storage\FilledSquare.png">
      <Filter>Resource Files</Filter>
    </CustomBuild>
    <CustomBuild Include="Storage\FreeForm.png">
      <Filter>Resource Files</Filter>
    </CustomBuild>
    <CustomBuild Include="Icon">
      <Filter>Resource Files</Filter>
    </CustomBuild>
    <CustomBuild Include="Map.png">
      <Filter>Resource Files</Filter>
    </CustomBuild>
    <CustomBuild Include="Storage\Point">
      <Filter>Resource Files</Filter>
    </CustomBuild>
    <CustomBuild Include="Storage\Square.png">
      <Filter>Resource Files</Filter>
    </CustomBuild>
    <CustomBuild Include="Storage\camera.png">
      <Filter>Resource Files</Filter>
    </CustomBuild>
    <CustomBuild Include="Storage\fill.png">
      <Filter>Resource Files</Filter>
    </CustomBuild>
    <CustomBuild Include="Storage\function.png">
      <Filter>Resource Files</Filter>
    </CustomBuild>
    <CustomBuild Include="Storage\line.png">
      <Filter>Resource Files</Filter>
    </CustomBuild>
    <CustomBuild Include="Storage\new.png">
      <Filter>Resource Files</Filter>
    </CustomBuild>
    <CustomBuild Include="Storage\next.png">
      <Filter>Resource Files</Filter>
    </CustomBuild>
    <CustomBuild Include="Storage\open.png">
      <Filter>Resource Files</Filter>
    </CustomBuild>
    <CustomBuild Include="Storage\pause.png">
      <Filter>Resource Files</Filter>
    </CustomBuild>
    <CustomBuild Include="Storage\play.png">
      <Filter>Resource Files</Filter>
    </CustomBuild>
    <CustomBuild Include="Storage\previous.png">
      <Filter>Resource Files</Filter>
    </CustomBuild>
    <CustomBuild Include="Storage\save.png">
      <Filter>Resource Files</Filter>
    </CustomBuild>
    <CustomBuild Include="Storage\stop.png">
      <Filter>Resource Files</Filter>
    </CustomBuild>
    <CustomBuild Include="Storage\webcam.png">
      <Filter>Resource Files</Filter>
    </CustomBuild>
    <CustomBuild Include="..\include\GUI_Classes\StartWindow.h">
      <Filter>Header Files</Filter>
    </CustomBuild>
    <CustomBuild Include="StartWindow.ui">
      <Filter>Form Files</Filter>
    </CustomBuild>
    <CustomBuild Include="GeneratedFiles\ui_StartWindow.h">
      <Filter>Generated Files</Filter>
    </CustomBuild>
    <CustomBuild Include="Icon Storage\clear.png">
      <Filter>Resource Files</Filter>
    </CustomBuild>
    <CustomBuild Include="kMeansUI.ui">
      <Filter>Form Files</Filter>
    </CustomBuild>
    <CustomBuild Include="cannyUI.ui">
      <Filter>Form Files</Filter>
    </CustomBuild>
    <CustomBuild Include="colorChangeUI.ui">
      <Filter>Form Files</Filter>
    </CustomBuild>
    <CustomBuild Include="GeneratedFiles\ui_cannyUI.h">
      <Filter>Generated Files</Filter>
    </CustomBuild>
    <CustomBuild Include="GeneratedFiles\ui_colorChangeUI.h">
      <Filter>Generated Files</Filter>
    </CustomBuild>
    <CustomBuild Include="GeneratedFiles\ui_kMeansUI.h">
      <Filter>Generated Files</Filter>
    </CustomBuild>
    <CustomBuild Include="brushUI.ui">
      <Filter>Form Files</Filter>
    </CustomBuild>
    <CustomBuild Include="GeneratedFiles\ui_brushUI.h">
      <Filter>Generated Files</Filter>
    </CustomBuild>
    <CustomBuild Include="..\include\Libraries\paint_util.h">
      <Filter>Header Files</Filter>
    </CustomBuild>
  </ItemGroup>
  <ItemGroup>
    <CustomBuild Include="CommandWindow.ui">
      <Filter>Form Files</Filter>
    </CustomBuild>
    <CustomBuild Include="Sketchpad.ui">
      <Filter>Form Files</Filter>
    </CustomBuild>
    <CustomBuild Include="workspacewizard.ui">
      <Filter>Form Files</Filter>
    </CustomBuild>
  </ItemGroup>
  <ItemGroup>
    <CustomBuild Include="myres.qrc">
      <Filter>Resource Files</Filter>
    </CustomBuild>
  </ItemGroup>
</Project>