<?xml version="1.0" encoding="utf-8"?>
<Project ToolsVersion="4.0" xmlns="http://schemas.microsoft.com/developer/msbuild/2003">
  <ItemGroup>
    <Filter Include="Form Files">
      <UniqueIdentifier>{99349809-55BA-4b9d-BF79-8FDBB0286EB3}</UniqueIdentifier>
      <Extensions>ui</Extensions>
      <ParseFiles>false</ParseFiles>
    </Filter>
    <Filter Include="Form Files">
      <UniqueIdentifier>{99349809-55BA-4b9d-BF79-8FDBB0286EB3}</UniqueIdentifier>
      <Extensions>ui</Extensions>
      <ParseFiles>false</ParseFiles>
    </Filter>
    <Filter Include="Generated Files">
      <UniqueIdentifier>{71ED8ED8-ACB9-4CE9-BBE1-E00B30144E11}</UniqueIdentifier>
      <Extensions>cpp;c;cxx;moc;h;def;odl;idl;res;</Extensions>
    </Filter>
    <Filter Include="Generated Files">
      <UniqueIdentifier>{71ED8ED8-ACB9-4CE9-BBE1-E00B30144E11}</UniqueIdentifier>
      <Extensions>cpp;c;cxx;moc;h;def;odl;idl;res;</Extensions>
    </Filter>
    <Filter Include="Header Files">
      <UniqueIdentifier>{93995380-89BD-4b04-88EB-625FBE52EBFB}</UniqueIdentifier>
      <Extensions>h;hpp;hxx;hm;inl;inc;xsd</Extensions>
    </Filter>
    <Filter Include="Header Files">
      <UniqueIdentifier>{93995380-89BD-4b04-88EB-625FBE52EBFB}</UniqueIdentifier>
      <Extensions>h;hpp;hxx;hm;inl;inc;xsd</Extensions>
    </Filter>
    <Filter Include="Resource Files">
      <UniqueIdentifier>{D9D6E242-F8AF-46E4-B9FD-80ECBC20BA3E}</UniqueIdentifier>
      <Extensions>qrc;*</Extensions>
      <ParseFiles>false</ParseFiles>
    </Filter>
    <Filter Include="Resource Files">
      <UniqueIdentifier>{D9D6E242-F8AF-46E4-B9FD-80ECBC20BA3E}</UniqueIdentifier>
      <Extensions>qrc;*</Extensions>
      <ParseFiles>false</ParseFiles>
    </Filter>
    <Filter Include="Source Files">
      <UniqueIdentifier>{4FC737F1-C7A5-4376-A066-2A32D752A2FF}</UniqueIdentifier>
      <Extensions>cpp;c;cxx;def;odl;idl;hpj;bat;asm;asmx</Extensions>
    </Filter>
    <Filter Include="Source Files">
      <UniqueIdentifier>{4FC737F1-C7A5-4376-A066-2A32D752A2FF}</UniqueIdentifier>
      <Extensions>cpp;c;cxx;def;odl;idl;hpj;bat;asm;asmx</Extensions>
    </Filter>
    <Filter Include="Generated Files\Debug">
      <UniqueIdentifier>{d9adb6bd-6687-49e1-bc33-a9de3969e824}</UniqueIdentifier>
      <Extensions>cpp;moc</Extensions>
      <SourceControlFiles>False</SourceControlFiles>
    </Filter>
    <Filter Include="Generated Files\Release">
      <UniqueIdentifier>{cd42daae-db45-4795-9944-3658e6d798f6}</UniqueIdentifier>
      <Extensions>cpp;moc</Extensions>
      <SourceControlFiles>False</SourceControlFiles>
    </Filter>
  </ItemGroup>
  <ItemGroup>
    <ClCompile Include="..\src\PaintingGUI\CVImageWidget.cpp">
      <Filter>Source Files</Filter>
    </ClCompile>
    <ClCompile Include="..\src\PaintingGUI\CommandWindow.cpp">
      <Filter>Source Files</Filter>
    </ClCompile>
    <ClCompile Include="..\src\PaintingGUI\CytonRunner.cpp">
      <Filter>Source Files</Filter>
    </ClCompile>
    <ClCompile Include="..\src\PaintingGUI\Painter.cpp">
      <Filter>Source Files</Filter>
    </ClCompile>
    <ClCompile Include="..\src\PaintingGUI\RunLogic.cpp">
      <Filter>Source Files</Filter>
    </ClCompile>
    <ClCompile Include="..\src\PaintingGUI\Sketchpad.cpp">
      <Filter>Source Files</Filter>
    </ClCompile>
    <ClCompile Include="..\src\PaintingGUI\main.cpp">
      <Filter>Source Files</Filter>
    </ClCompile>
    <ClCompile Include="..\src\PaintingGUI\pugixml.cpp">
      <Filter>Source Files</Filter>
    </ClCompile>
    <ClCompile Include="..\src\PaintingGUI\webcam.cpp">
      <Filter>Source Files</Filter>
    </ClCompile>
    <ClCompile Include="Debug\moc_CVImageWidget.cpp">
      <Filter>Generated Files\Debug</Filter>
    </ClCompile>
    <ClCompile Include="Release\moc_CVImageWidget.cpp">
      <Filter>Generated Files\Release</Filter>
    </ClCompile>
    <ClCompile Include="Debug\moc_CommandWindow.cpp">
      <Filter>Generated Files\Debug</Filter>
    </ClCompile>
    <ClCompile Include="Release\moc_CommandWindow.cpp">
      <Filter>Generated Files\Release</Filter>
    </ClCompile>
    <ClCompile Include="Debug\moc_CytonRunner.cpp">
      <Filter>Generated Files\Debug</Filter>
    </ClCompile>
    <ClCompile Include="Release\moc_CytonRunner.cpp">
      <Filter>Generated Files\Release</Filter>
    </ClCompile>
    <ClCompile Include="Debug\moc_Painter.cpp">
      <Filter>Generated Files\Debug</Filter>
    </ClCompile>
    <ClCompile Include="Release\moc_Painter.cpp">
      <Filter>Generated Files\Release</Filter>
    </ClCompile>
    <ClCompile Include="Debug\moc_Sketchpad.cpp">
      <Filter>Generated Files\Debug</Filter>
    </ClCompile>
    <ClCompile Include="Release\moc_Sketchpad.cpp">
      <Filter>Generated Files\Release</Filter>
    </ClCompile>
    <ClCompile Include="Debug\moc_runLogic.cpp">
      <Filter>Generated Files\Debug</Filter>
    </ClCompile>
    <ClCompile Include="Release\moc_runLogic.cpp">
      <Filter>Generated Files\Release</Filter>
    </ClCompile>
    <ClCompile Include="GeneratedFiles\qrc_myres.cpp">
      <Filter>Generated Files</Filter>
    </ClCompile>
    <ClCompile Include="..\src\PaintingGUI\shapes.cpp">
      <Filter>Source Files</Filter>
    </ClCompile>
    <ClCompile Include="..\src\PaintingGUI\kmeansSegment.cpp">
      <Filter>Source Files</Filter>
    </ClCompile>
    <ClCompile Include="..\src\PaintingGUI\imageparser.cpp">
      <Filter>Source Files</Filter>
    </ClCompile>
    <ClCompile Include="..\src\PaintingGUI\drawwindow.cpp">
      <Filter>Source Files</Filter>
    </ClCompile>
    <ClCompile Include="..\src\PaintingGUI\regiontopaths.cpp">
      <Filter>Source Files</Filter>
    </ClCompile>
    <ClCompile Include="..\src\PaintingGUI\pixeltools.cpp">
      <Filter>Source Files</Filter>
    </ClCompile>
  </ItemGroup>
  <ItemGroup>
    <CustomBuild Include="..\include\PaintingGUI\CVImageWidget.h">
      <Filter>Header Files</Filter>
    </CustomBuild>
    <CustomBuild Include="..\include\PaintingGUI\CommandWindow.h">
      <Filter>Header Files</Filter>
    </CustomBuild>
    <CustomBuild Include="..\include\PaintingGUI\CytonRunner.h">
      <Filter>Header Files</Filter>
    </CustomBuild>
    <CustomBuild Include="..\include\PaintingGUI\Painter.h">
      <Filter>Header Files</Filter>
    </CustomBuild>
    <CustomBuild Include="..\include\PaintingGUI\Sketchpad.h">
      <Filter>Header Files</Filter>
    </CustomBuild>
    <ClInclude Include="..\include\PaintingGUI\kmeansSegment.hpp">
      <Filter>Header Files</Filter>
    </ClInclude>
    <ClInclude Include="..\include\PaintingGUI\pugiconfig.hpp">
      <Filter>Header Files</Filter>
    </ClInclude>
    <ClInclude Include="..\include\PaintingGUI\pugixml.hpp">
      <Filter>Header Files</Filter>
    </ClInclude>
    <CustomBuild Include="..\include\PaintingGUI\runLogic.h">
      <Filter>Header Files</Filter>
    </CustomBuild>
  </ItemGroup>
  <ItemGroup>
    <CustomBuild Include="CommandWindow.ui">
      <Filter>Form Files</Filter>
    </CustomBuild>
    <CustomBuild Include="CytonRunner.ui">
      <Filter>Form Files</Filter>
    </CustomBuild>
    <CustomBuild Include="Sketchpad.ui">
      <Filter>Form Files</Filter>
    </CustomBuild>
  </ItemGroup>
  <ItemGroup>
    <None Include="Storage\Circle.png">
      <Filter>Resource Files</Filter>
    </None>
    <None Include="Storage\FilledCircle.png">
      <Filter>Resource Files</Filter>
    </None>
    <None Include="Storage\FilledSquare.png">
      <Filter>Resource Files</Filter>
    </None>
    <None Include="Storage\FreeForm.png">
      <Filter>Resource Files</Filter>
    </None>
    <None Include="Icon">
      <Filter>Resource Files</Filter>
    </None>
    <None Include="Map.png">
      <Filter>Resource Files</Filter>
    </None>
    <None Include="Storage\Point">
      <Filter>Resource Files</Filter>
    </None>
    <None Include="Storage\Square.png">
      <Filter>Resource Files</Filter>
    </None>
    <None Include="Storage\camera.png">
      <Filter>Resource Files</Filter>
    </None>
    <None Include="Storage\fill.png">
      <Filter>Resource Files</Filter>
    </None>
    <None Include="Storage\function.png">
      <Filter>Resource Files</Filter>
    </None>
    <None Include="Storage\line.png">
      <Filter>Resource Files</Filter>
    </None>
    <CustomBuild Include="myres.qrc">
      <Filter>Resource Files</Filter>
    </CustomBuild>
    <None Include="Storage\new.png">
      <Filter>Resource Files</Filter>
    </None>
    <None Include="Storage\next.png">
      <Filter>Resource Files</Filter>
    </None>
    <None Include="Storage\open.png">
      <Filter>Resource Files</Filter>
    </None>
    <None Include="Storage\pause.png">
      <Filter>Resource Files</Filter>
    </None>
    <None Include="Storage\play.png">
      <Filter>Resource Files</Filter>
    </None>
    <None Include="Storage\previous.png">
      <Filter>Resource Files</Filter>
    </None>
    <None Include="Storage\save.png">
      <Filter>Resource Files</Filter>
    </None>
    <None Include="Storage\stop.png">
      <Filter>Resource Files</Filter>
    </None>
    <None Include="Storage\webcam.png">
      <Filter>Resource Files</Filter>
    </None>
  </ItemGroup>
  <ItemGroup>
    <ClInclude Include="GeneratedFiles\ui_CommandWindow.h">
      <Filter>Generated Files</Filter>
    </ClInclude>
    <ClInclude Include="GeneratedFiles\ui_CytonRunner.h">
      <Filter>Generated Files</Filter>
    </ClInclude>
    <ClInclude Include="GeneratedFiles\ui_Sketchpad.h">
      <Filter>Generated Files</Filter>
    </ClInclude>
  </ItemGroup>
  <ItemGroup>
    <Image Include="Icon Storage\Circle.png">
      <Filter>Resource Files</Filter>
    </Image>
    <Image Include="Icon Storage\function.png">
      <Filter>Resource Files</Filter>
    </Image>
    <Image Include="Icon Storage\line.png">
      <Filter>Resource Files</Filter>
    </Image>
    <Image Include="Icon Storage\new.png">
      <Filter>Resource Files</Filter>
    </Image>
    <Image Include="Icon Storage\next.png">
      <Filter>Resource Files</Filter>
    </Image>
    <Image Include="Icon Storage\open.png">
      <Filter>Resource Files</Filter>
    </Image>
    <Image Include="Icon Storage\pause.png">
      <Filter>Resource Files</Filter>
    </Image>
    <Image Include="Icon Storage\play.png">
      <Filter>Resource Files</Filter>
    </Image>
    <Image Include="Icon Storage\Point Map.png">
      <Filter>Resource Files</Filter>
    </Image>
    <Image Include="Icon Storage\previous.png">
      <Filter>Resource Files</Filter>
    </Image>
    <Image Include="Icon Storage\save.png">
      <Filter>Resource Files</Filter>
    </Image>
    <Image Include="Icon Storage\Square.png">
      <Filter>Resource Files</Filter>
    </Image>
    <Image Include="Icon Storage\stop.png">
      <Filter>Resource Files</Filter>
    </Image>
    <Image Include="Icon Storage\FilledCircle.png">
      <Filter>Resource Files</Filter>
    </Image>
    <Image Include="Icon Storage\FreeForm.png">
      <Filter>Resource Files</Filter>
    </Image>
    <Image Include="Icon Storage\FilledSquare.png">
      <Filter>Resource Files</Filter>
    </Image>
    <Image Include="Icon Storage\fill.png">
      <Filter>Resource Files</Filter>
    </Image>
    <Image Include="Icon Storage\camera.png">
      <Filter>Resource Files</Filter>
    </Image>
    <Image Include="Icon Storage\webcam.png">
      <Filter>Resource Files</Filter>
    </Image>
  </ItemGroup>
</Project>